
Microsoft Visual Studio Solution File, Format Version 12.00
# Visual Studio 15
VisualStudioVersion = 15.0.28010.2036
MinimumVisualStudioVersion = 10.0.40219.1
Project("{8BC9CEB8-8B4A-11D0-8D11-00A0C91BC942}") = "8_138", "8_138\8_138.vcxproj", "{762CC8C5-FEFB-469A-9987-BF885190B8B7}"
EndProject
Global
	GlobalSection(SolutionConfigurationPlatforms) = preSolution
		Debug|x64 = Debug|x64
		Debug|x86 = Debug|x86
		Release|x64 = Release|x64
		Release|x86 = Release|x86
	EndGlobalSection
	GlobalSection(ProjectConfigurationPlatforms) = postSolution
		{762CC8C5-FEFB-469A-9987-BF885190B8B7}.Debug|x64.ActiveCfg = Debug|x64
		{762CC8C5-FEFB-469A-9987-BF885190B8B7}.Debug|x64.Build.0 = Debug|x64
		{762CC8C5-FEFB-469A-9987-BF885190B8B7}.Debug|x86.ActiveCfg = Debug|Win32
		{762CC8C5-FEFB-469A-9987-BF885190B8B7}.Debug|x86.Build.0 = Debug|Win32
		{762CC8C5-FEFB-469A-9987-BF885190B8B7}.Release|x64.ActiveCfg = Release|x64
		{762CC8C5-FEFB-469A-9987-BF885190B8B7}.Release|x64.Build.0 = Release|x64
		{762CC8C5-FEFB-469A-9987-BF885190B8B7}.Release|x86.ActiveCfg = Release|Win32
		{762CC8C5-FEFB-469A-9987-BF885190B8B7}.Release|x86.Build.0 = Release|Win32
	EndGlobalSection
	GlobalSection(SolutionProperties) = preSolution
		HideSolutionNode = FALSE
	EndGlobalSection
	GlobalSection(ExtensibilityGlobals) = postSolution
		SolutionGuid = {6A117F12-57A1-4D96-B11B-6B39697B349D}
	EndGlobalSection
EndGlobal
